
Microsoft Visual Studio Solution File, Format Version 12.00
Project("{FAE04EC0-301F-11D3-BF4B-00C04F79EFBC}") = "MapperlyDemo", "MapperlyDemo\MapperlyDemo.csproj", "{A2E860AD-769D-440B-B3EE-53CA6DFC3AD4}"
EndProject
Project("{FAE04EC0-301F-11D3-BF4B-00C04F79EFBC}") = "AutomapperDemo", "AutomapperDemo\AutomapperDemo.csproj", "{410F1E16-6BFA-4014-8CF7-AA875F60A36A}"
EndProject
Project("{2150E333-8FDC-42A3-9474-1A3956D46DE8}") = "Solution Items", "Solution Items", "{584C2655-D189-4DF1-A86A-D1CFBC8C7CA2}"
	ProjectSection(SolutionItems) = preProject
		.editorconfig = .editorconfig
	EndProjectSection
EndProject
Global
	GlobalSection(SolutionConfigurationPlatforms) = preSolution
		Debug|Any CPU = Debug|Any CPU
		Release|Any CPU = Release|Any CPU
	EndGlobalSection
	GlobalSection(ProjectConfigurationPlatforms) = postSolution
		{A2E860AD-769D-440B-B3EE-53CA6DFC3AD4}.Debug|Any CPU.ActiveCfg = Debug|Any CPU
		{A2E860AD-769D-440B-B3EE-53CA6DFC3AD4}.Debug|Any CPU.Build.0 = Debug|Any CPU
		{A2E860AD-769D-440B-B3EE-53CA6DFC3AD4}.Release|Any CPU.ActiveCfg = Release|Any CPU
		{A2E860AD-769D-440B-B3EE-53CA6DFC3AD4}.Release|Any CPU.Build.0 = Release|Any CPU
		{410F1E16-6BFA-4014-8CF7-AA875F60A36A}.Debug|Any CPU.ActiveCfg = Debug|Any CPU
		{410F1E16-6BFA-4014-8CF7-AA875F60A36A}.Debug|Any CPU.Build.0 = Debug|Any CPU
		{410F1E16-6BFA-4014-8CF7-AA875F60A36A}.Release|Any CPU.ActiveCfg = Release|Any CPU
		{410F1E16-6BFA-4014-8CF7-AA875F60A36A}.Release|Any CPU.Build.0 = Release|Any CPU
	EndGlobalSection
EndGlobal
